
Microsoft Visual Studio Solution File, Format Version 12.00
# Visual Studio Version 17
VisualStudioVersion = 17.7.34024.191
MinimumVisualStudioVersion = 10.0.40219.1
Project("{FAE04EC0-301F-11D3-BF4B-00C04F79EFBC}") = "IBA.WebApi", "IBA.WebApi\IBA.WebApi.csproj", "{FE81A92A-3D25-4D26-BB11-FAB9EC3AD518}"
EndProject
Global
	GlobalSection(SolutionConfigurationPlatforms) = preSolution
		Debug|Any CPU = Debug|Any CPU
		Release|Any CPU = Release|Any CPU
	EndGlobalSection
	GlobalSection(ProjectConfigurationPlatforms) = postSolution
		{FE81A92A-3D25-4D26-BB11-FAB9EC3AD518}.Debug|Any CPU.ActiveCfg = Debug|Any CPU
		{FE81A92A-3D25-4D26-BB11-FAB9EC3AD518}.Debug|Any CPU.Build.0 = Debug|Any CPU
		{FE81A92A-3D25-4D26-BB11-FAB9EC3AD518}.Release|Any CPU.ActiveCfg = Release|Any CPU
		{FE81A92A-3D25-4D26-BB11-FAB9EC3AD518}.Release|Any CPU.Build.0 = Release|Any CPU
	EndGlobalSection
	GlobalSection(SolutionProperties) = preSolution
		HideSolutionNode = FALSE
	EndGlobalSection
	GlobalSection(ExtensibilityGlobals) = postSolution
		SolutionGuid = {7B9990DF-25A5-495D-92DE-B2BA6DAD0164}
	EndGlobalSection
EndGlobal
